
Microsoft Visual Studio Solution File, Format Version 12.00
# Visual Studio 15
Project("{FAE04EC0-301F-11D3-BF4B-00C04F79EFBC}") = "Space Expedition AR+VR", "Assembly-CSharp.csproj", "{CEB6C254-AE3A-3D19-C72B-B5EA53EE3375}"
EndProject
Project("{FAE04EC0-301F-11D3-BF4B-00C04F79EFBC}") = "Space Expedition AR+VR", "Assembly-CSharp-firstpass.csproj", "{09C58947-0AAC-007A-7058-13FCE8378394}"
EndProject
Project("{FAE04EC0-301F-11D3-BF4B-00C04F79EFBC}") = "Space Expedition AR+VR", "Assembly-CSharp-Editor.csproj", "{676502EA-76DC-F7CC-5FD6-CBBC91E3D52B}"
EndProject
Global
	GlobalSection(SolutionConfigurationPlatforms) = preSolution
		Debug|Any CPU = Debug|Any CPU
		Release|Any CPU = Release|Any CPU
	EndGlobalSection
	GlobalSection(ProjectConfigurationPlatforms) = postSolution
		{CEB6C254-AE3A-3D19-C72B-B5EA53EE3375}.Debug|Any CPU.ActiveCfg = Debug|Any CPU
		{CEB6C254-AE3A-3D19-C72B-B5EA53EE3375}.Debug|Any CPU.Build.0 = Debug|Any CPU
		{CEB6C254-AE3A-3D19-C72B-B5EA53EE3375}.Release|Any CPU.ActiveCfg = Release|Any CPU
		{CEB6C254-AE3A-3D19-C72B-B5EA53EE3375}.Release|Any CPU.Build.0 = Release|Any CPU
		{09C58947-0AAC-007A-7058-13FCE8378394}.Debug|Any CPU.ActiveCfg = Debug|Any CPU
		{09C58947-0AAC-007A-7058-13FCE8378394}.Debug|Any CPU.Build.0 = Debug|Any CPU
		{09C58947-0AAC-007A-7058-13FCE8378394}.Release|Any CPU.ActiveCfg = Release|Any CPU
		{09C58947-0AAC-007A-7058-13FCE8378394}.Release|Any CPU.Build.0 = Release|Any CPU
		{676502EA-76DC-F7CC-5FD6-CBBC91E3D52B}.Debug|Any CPU.ActiveCfg = Debug|Any CPU
		{676502EA-76DC-F7CC-5FD6-CBBC91E3D52B}.Debug|Any CPU.Build.0 = Debug|Any CPU
		{676502EA-76DC-F7CC-5FD6-CBBC91E3D52B}.Release|Any CPU.ActiveCfg = Release|Any CPU
		{676502EA-76DC-F7CC-5FD6-CBBC91E3D52B}.Release|Any CPU.Build.0 = Release|Any CPU
	EndGlobalSection
	GlobalSection(SolutionProperties) = preSolution
		HideSolutionNode = FALSE
	EndGlobalSection
EndGlobal
